
Microsoft Visual Studio Solution File, Format Version 12.00
# Visual Studio Version 16
VisualStudioVersion = 16.0.31729.503
MinimumVisualStudioVersion = 10.0.40219.1
Project("{8BC9CEB8-8B4A-11D0-8D11-00A0C91BC942}") = "test-2021-10-26", "test-2021-10-26\test-2021-10-26.vcxproj", "{22156D11-41D2-4BF3-A7FA-376A31498172}"
EndProject
Global
	GlobalSection(SolutionConfigurationPlatforms) = preSolution
		Debug|x64 = Debug|x64
		Debug|x86 = Debug|x86
		Release|x64 = Release|x64
		Release|x86 = Release|x86
	EndGlobalSection
	GlobalSection(ProjectConfigurationPlatforms) = postSolution
		{22156D11-41D2-4BF3-A7FA-376A31498172}.Debug|x64.ActiveCfg = Debug|x64
		{22156D11-41D2-4BF3-A7FA-376A31498172}.Debug|x64.Build.0 = Debug|x64
		{22156D11-41D2-4BF3-A7FA-376A31498172}.Debug|x86.ActiveCfg = Debug|Win32
		{22156D11-41D2-4BF3-A7FA-376A31498172}.Debug|x86.Build.0 = Debug|Win32
		{22156D11-41D2-4BF3-A7FA-376A31498172}.Release|x64.ActiveCfg = Release|x64
		{22156D11-41D2-4BF3-A7FA-376A31498172}.Release|x64.Build.0 = Release|x64
		{22156D11-41D2-4BF3-A7FA-376A31498172}.Release|x86.ActiveCfg = Release|Win32
		{22156D11-41D2-4BF3-A7FA-376A31498172}.Release|x86.Build.0 = Release|Win32
	EndGlobalSection
	GlobalSection(SolutionProperties) = preSolution
		HideSolutionNode = FALSE
	EndGlobalSection
	GlobalSection(ExtensibilityGlobals) = postSolution
		SolutionGuid = {9F063CE1-250E-4875-9D24-6624F98581D3}
	EndGlobalSection
EndGlobal
